// !$*UTF8*$!
{
	archiveVersion = 1;
	classes = {
	};
	objectVersion = 77;
	objects = {

/* Begin PBXBuildFile section */
		B762FCF02ED6D7E300EB6EA5 /* ChangeRequest.swift in Sources */ = {isa = PBXBuildFile; fileRef = B762FCEF2ED6D7E300EB6EA5 /* ChangeRequest.swift */; };
		B762FCF22ED6DCA800EB6EA5 /* RejectRequest.swift in Sources */ = {isa = PBXBuildFile; fileRef = B762FCF12ED6DCA800EB6EA5 /* RejectRequest.swift */; };
		B762FCF42ED6E3E800EB6EA5 /* UpdateDriverStatus.swift in Sources */ = {isa = PBXBuildFile; fileRef = B762FCF32ED6E3E800EB6EA5 /* UpdateDriverStatus.swift */; };
		CF0BD3AB2EA0CCDB00581E5B /* CustomButtonAction.swift in Sources */ = {isa = PBXBuildFile; fileRef = CF0BD3AA2EA0CCDB00581E5B /* CustomButtonAction.swift */; };
		CF0BD3AE2EA0D3BE00581E5B /* TrackingView.swift in Sources */ = {isa = PBXBuildFile; fileRef = CF0BD3AD2EA0D3BE00581E5B /* TrackingView.swift */; };
		CF1F57412EC73D4B0056AE72 /* Alamofire in Frameworks */ = {isa = PBXBuildFile; productRef = CF1F57402EC73D4B0056AE72 /* Alamofire */; };
		CF1F57442EC73DC50056AE72 /* IQKeyboardManagerSwift in Frameworks */ = {isa = PBXBuildFile; productRef = CF1F57432EC73DC50056AE72 /* IQKeyboardManagerSwift */; };
		CF1F57472EC73DEF0056AE72 /* CountryPicker in Frameworks */ = {isa = PBXBuildFile; productRef = CF1F57462EC73DEF0056AE72 /* CountryPicker */; };
		CF1F574A2EC73E180056AE72 /* SDWebImageSwiftUI in Frameworks */ = {isa = PBXBuildFile; productRef = CF1F57492EC73E180056AE72 /* SDWebImageSwiftUI */; };
		CF1F574F2EC73EE70056AE72 /* Service.swift in Sources */ = {isa = PBXBuildFile; fileRef = CF1F574E2EC73EE70056AE72 /* Service.swift */; };
		CF1F57502EC73EE70056AE72 /* Api.swift in Sources */ = {isa = PBXBuildFile; fileRef = CF1F574C2EC73EE70056AE72 /* Api.swift */; };
		CF1F57512EC73EE70056AE72 /* Router.swift in Sources */ = {isa = PBXBuildFile; fileRef = CF1F574D2EC73EE70056AE72 /* Router.swift */; };
		CF1F57562EC73F0F0056AE72 /* InternetConnection.swift in Sources */ = {isa = PBXBuildFile; fileRef = CF1F57542EC73F0F0056AE72 /* InternetConnection.swift */; };
		CF1F57572EC73F0F0056AE72 /* CountryPickerUI.swift in Sources */ = {isa = PBXBuildFile; fileRef = CF1F57552EC73F0F0056AE72 /* CountryPickerUI.swift */; };
		CF1F57582EC73F0F0056AE72 /* Utility.swift in Sources */ = {isa = PBXBuildFile; fileRef = CF1F57532EC73F0F0056AE72 /* Utility.swift */; };
		CF1F575D2EC73F530056AE72 /* Reachability.m in Sources */ = {isa = PBXBuildFile; fileRef = CF1F575C2EC73F530056AE72 /* Reachability.m */; };
		CF1F57642EC740170056AE72 /* Api_Login.swift in Sources */ = {isa = PBXBuildFile; fileRef = CF1F57632EC740170056AE72 /* Api_Login.swift */; };
		CF1F57662EC740590056AE72 /* LoginViewModel.swift in Sources */ = {isa = PBXBuildFile; fileRef = CF1F57652EC740590056AE72 /* LoginViewModel.swift */; };
		CF1F576B2EC7408F0056AE72 /* CustomAlertView.swift in Sources */ = {isa = PBXBuildFile; fileRef = CF1F576A2EC7408F0056AE72 /* CustomAlertView.swift */; };
		CF1F576C2EC7408F0056AE72 /* CustomError.swift in Sources */ = {isa = PBXBuildFile; fileRef = CF1F57682EC7408F0056AE72 /* CustomError.swift */; };
		CF1F576D2EC7408F0056AE72 /* CustomErrorBanner.swift in Sources */ = {isa = PBXBuildFile; fileRef = CF1F57692EC7408F0056AE72 /* CustomErrorBanner.swift */; };
		CF1F57702EC740B50056AE72 /* AppState.swift in Sources */ = {isa = PBXBuildFile; fileRef = CF1F576F2EC740B50056AE72 /* AppState.swift */; };
		CF1F57732EC7427E0056AE72 /* Constant.swift in Sources */ = {isa = PBXBuildFile; fileRef = CF1F57722EC7427E0056AE72 /* Constant.swift */; };
		CF1F577C2EC746370056AE72 /* LocationSearchViewModel.swift in Sources */ = {isa = PBXBuildFile; fileRef = CF1F577B2EC746370056AE72 /* LocationSearchViewModel.swift */; };
		CF1F57822EC747FC0056AE72 /* AddressPickerView.swift in Sources */ = {isa = PBXBuildFile; fileRef = CF1F57812EC747FC0056AE72 /* AddressPickerView.swift */; };
		CF1F57842EC747FE0056AE72 /* AddressPickerViewModel.swift in Sources */ = {isa = PBXBuildFile; fileRef = CF1F57832EC747FE0056AE72 /* AddressPickerViewModel.swift */; };
		CF1F57862EC748000056AE72 /* LocationData.swift in Sources */ = {isa = PBXBuildFile; fileRef = CF1F57852EC748000056AE72 /* LocationData.swift */; };
		CF3760C92EC752BA00C749BD /* ImagePicker.swift in Sources */ = {isa = PBXBuildFile; fileRef = CF3760C82EC752BA00C749BD /* ImagePicker.swift */; };
		CF546BD82EAFA1F70059D03E /* MyAccountView.swift in Sources */ = {isa = PBXBuildFile; fileRef = CF546BD72EAFA1F70059D03E /* MyAccountView.swift */; };
		CF5B147D2EAF6EB3000C40C2 /* SideMenuRowOption.swift in Sources */ = {isa = PBXBuildFile; fileRef = CF5B147C2EAF6EB3000C40C2 /* SideMenuRowOption.swift */; };
		CF6D6A752E9F9D2800B3656C /* DriverDocView.swift in Sources */ = {isa = PBXBuildFile; fileRef = CF6D6A742E9F9D2700B3656C /* DriverDocView.swift */; };
		CF6D6A782E9FA1F300B3656C /* HomeView.swift in Sources */ = {isa = PBXBuildFile; fileRef = CF6D6A772E9FA1F300B3656C /* HomeView.swift */; };
		CF804F5E2EA20CA000F16E58 /* ScheduleBookingView.swift in Sources */ = {isa = PBXBuildFile; fileRef = CF804F5D2EA20CA000F16E58 /* ScheduleBookingView.swift */; };
		CF804F692EA225D200F16E58 /* EditProfileView.swift in Sources */ = {isa = PBXBuildFile; fileRef = CF804F682EA225D200F16E58 /* EditProfileView.swift */; };
		CF89F93F2EA118E0002FF10B /* PopUp.swift in Sources */ = {isa = PBXBuildFile; fileRef = CF89F93E2EA118E0002FF10B /* PopUp.swift */; };
		CF89F9422EA1287D002FF10B /* RideDetailView.swift in Sources */ = {isa = PBXBuildFile; fileRef = CF89F9412EA1287D002FF10B /* RideDetailView.swift */; };
		CF8DE8792EA25CAB00F75D73 /* SideMenu.swift in Sources */ = {isa = PBXBuildFile; fileRef = CF8DE8782EA25CAB00F75D73 /* SideMenu.swift */; };
		CF8DE87B2EA25E6100F75D73 /* SideMenuHeader.swift in Sources */ = {isa = PBXBuildFile; fileRef = CF8DE87A2EA25E6100F75D73 /* SideMenuHeader.swift */; };
		CF8DE87D2EA2646E00F75D73 /* SideMenuRow.swift in Sources */ = {isa = PBXBuildFile; fileRef = CF8DE87C2EA2646E00F75D73 /* SideMenuRow.swift */; };
		CFA379B82ECD8EC900893DAB /* SignupViewModel.swift in Sources */ = {isa = PBXBuildFile; fileRef = CFA379B72ECD8EC900893DAB /* SignupViewModel.swift */; };
		CFA379BB2ECD8EEE00893DAB /* VehicleList.swift in Sources */ = {isa = PBXBuildFile; fileRef = CFA379BA2ECD8EEE00893DAB /* VehicleList.swift */; };
		CFA379BD2ECD8F9900893DAB /* VehcileDetailSignupView.swift in Sources */ = {isa = PBXBuildFile; fileRef = CFA379BC2ECD8F9900893DAB /* VehcileDetailSignupView.swift */; };
		CFBAAACB2E9F7418001D8398 /* Assets.xcassets in Resources */ = {isa = PBXBuildFile; fileRef = CFBAAAC72E9F7418001D8398 /* Assets.xcassets */; };
		CFBAAACD2E9F7418001D8398 /* GlisexabDriverApp.swift in Sources */ = {isa = PBXBuildFile; fileRef = CFBAAAC92E9F7418001D8398 /* GlisexabDriverApp.swift */; };
		CFBAAAD52E9F760A001D8398 /* OnboardingView.swift in Sources */ = {isa = PBXBuildFile; fileRef = CFBAAAD42E9F760A001D8398 /* OnboardingView.swift */; };
		CFBAAADB2E9F7737001D8398 /* BackButton.swift in Sources */ = {isa = PBXBuildFile; fileRef = CFBAAAD92E9F7737001D8398 /* BackButton.swift */; };
		CFBAAADD2E9F7737001D8398 /* UiExtension.swift in Sources */ = {isa = PBXBuildFile; fileRef = CFBAAAD62E9F7737001D8398 /* UiExtension.swift */; };
		CFBAAADE2E9F7737001D8398 /* CustomLogo.swift in Sources */ = {isa = PBXBuildFile; fileRef = CFBAAADA2E9F7737001D8398 /* CustomLogo.swift */; };
		CFBAAADF2E9F7737001D8398 /* LocationManager.swift in Sources */ = {isa = PBXBuildFile; fileRef = CFBAAAD82E9F7737001D8398 /* LocationManager.swift */; };
		CFBAAAE32E9F774A001D8398 /* NavigationRouter.swift in Sources */ = {isa = PBXBuildFile; fileRef = CFBAAAE02E9F774A001D8398 /* NavigationRouter.swift */; };
		CFBAAAE42E9F774A001D8398 /* RootView.swift in Sources */ = {isa = PBXBuildFile; fileRef = CFBAAAE22E9F774A001D8398 /* RootView.swift */; };
		CFBAAAE52E9F774A001D8398 /* AppNavigationView.swift in Sources */ = {isa = PBXBuildFile; fileRef = CFBAAAE12E9F774A001D8398 /* AppNavigationView.swift */; };
		CFBAAAF92E9F77B6001D8398 /* Inter-ExtraLight-BETA.otf in Resources */ = {isa = PBXBuildFile; fileRef = CFBAAAED2E9F77B6001D8398 /* Inter-ExtraLight-BETA.otf */; };
		CFBAAAFA2E9F77B6001D8398 /* Inter-MediumItalic.otf in Resources */ = {isa = PBXBuildFile; fileRef = CFBAAAF32E9F77B6001D8398 /* Inter-MediumItalic.otf */; };
		CFBAAAFB2E9F77B6001D8398 /* Inter-ExtraLightItalic-BETA.otf in Resources */ = {isa = PBXBuildFile; fileRef = CFBAAAEE2E9F77B6001D8398 /* Inter-ExtraLightItalic-BETA.otf */; };
		CFBAAAFC2E9F77B6001D8398 /* Inter-Italic.otf in Resources */ = {isa = PBXBuildFile; fileRef = CFBAAAEF2E9F77B6001D8398 /* Inter-Italic.otf */; };
		CFBAAAFD2E9F77B6001D8398 /* Inter-SemiBoldItalic.otf in Resources */ = {isa = PBXBuildFile; fileRef = CFBAAAF62E9F77B6001D8398 /* Inter-SemiBoldItalic.otf */; };
		CFBAAAFE2E9F77B6001D8398 /* Inter-Medium.otf in Resources */ = {isa = PBXBuildFile; fileRef = CFBAAAF22E9F77B6001D8398 /* Inter-Medium.otf */; };
		CFBAAAFF2E9F77B6001D8398 /* Inter-Thin-BETA.otf in Resources */ = {isa = PBXBuildFile; fileRef = CFBAAAF72E9F77B6001D8398 /* Inter-Thin-BETA.otf */; };
		CFBAAB002E9F77B6001D8398 /* Inter-ThinItalic-BETA.otf in Resources */ = {isa = PBXBuildFile; fileRef = CFBAAAF82E9F77B6001D8398 /* Inter-ThinItalic-BETA.otf */; };
		CFBAAB012E9F77B6001D8398 /* Inter-BoldItalic.otf in Resources */ = {isa = PBXBuildFile; fileRef = CFBAAAEA2E9F77B6001D8398 /* Inter-BoldItalic.otf */; };
		CFBAAB022E9F77B6001D8398 /* Inter-Light-BETA.otf in Resources */ = {isa = PBXBuildFile; fileRef = CFBAAAF02E9F77B6001D8398 /* Inter-Light-BETA.otf */; };
		CFBAAB032E9F77B6001D8398 /* Inter-SemiBold.otf in Resources */ = {isa = PBXBuildFile; fileRef = CFBAAAF52E9F77B6001D8398 /* Inter-SemiBold.otf */; };
		CFBAAB042E9F77B6001D8398 /* Inter-Bold.otf in Resources */ = {isa = PBXBuildFile; fileRef = CFBAAAE92E9F77B6001D8398 /* Inter-Bold.otf */; };
		CFBAAB052E9F77B6001D8398 /* Inter-LightItalic-BETA.otf in Resources */ = {isa = PBXBuildFile; fileRef = CFBAAAF12E9F77B6001D8398 /* Inter-LightItalic-BETA.otf */; };
		CFBAAB062E9F77B6001D8398 /* Inter-Regular.otf in Resources */ = {isa = PBXBuildFile; fileRef = CFBAAAF42E9F77B6001D8398 /* Inter-Regular.otf */; };
		CFBAAB072E9F77B6001D8398 /* Inter-Black.otf in Resources */ = {isa = PBXBuildFile; fileRef = CFBAAAE72E9F77B6001D8398 /* Inter-Black.otf */; };
		CFBAAB082E9F77B6001D8398 /* Inter-BlackItalic.otf in Resources */ = {isa = PBXBuildFile; fileRef = CFBAAAE82E9F77B6001D8398 /* Inter-BlackItalic.otf */; };
		CFBAAB092E9F77B6001D8398 /* Inter-ExtraBold.otf in Resources */ = {isa = PBXBuildFile; fileRef = CFBAAAEB2E9F77B6001D8398 /* Inter-ExtraBold.otf */; };
		CFBAAB0A2E9F77B6001D8398 /* Inter-ExtraBoldItalic.otf in Resources */ = {isa = PBXBuildFile; fileRef = CFBAAAEC2E9F77B6001D8398 /* Inter-ExtraBoldItalic.otf */; };
		CFBAAB0D2E9F791E001D8398 /* LoginView.swift in Sources */ = {isa = PBXBuildFile; fileRef = CFBAAB0C2E9F791E001D8398 /* LoginView.swift */; };
		CFBAAB0F2E9F7E61001D8398 /* SignupView.swift in Sources */ = {isa = PBXBuildFile; fileRef = CFBAAB0E2E9F7E61001D8398 /* SignupView.swift */; };
		CFBE2DC92ECDB94E0053672B /* PendingRequest.swift in Sources */ = {isa = PBXBuildFile; fileRef = CFBE2DC82ECDB94E0053672B /* PendingRequest.swift */; };
		CFBE2DCB2ECDB9D90053672B /* HomeViewModel.swift in Sources */ = {isa = PBXBuildFile; fileRef = CFBE2DCA2ECDB9D90053672B /* HomeViewModel.swift */; };
		CFD7AD472EB09C1B00FDB2D9 /* ReviewView.swift in Sources */ = {isa = PBXBuildFile; fileRef = CFD7AD462EB09C1B00FDB2D9 /* ReviewView.swift */; };
		CFD7AD4E2EB0A76200FDB2D9 /* WalletView.swift in Sources */ = {isa = PBXBuildFile; fileRef = CFD7AD4C2EB0A76200FDB2D9 /* WalletView.swift */; };
/* End PBXBuildFile section */

/* Begin PBXFileReference section */
		B762FCEF2ED6D7E300EB6EA5 /* ChangeRequest.swift */ = {isa = PBXFileReference; lastKnownFileType = sourcecode.swift; path = ChangeRequest.swift; sourceTree = "<group>"; };
		B762FCF12ED6DCA800EB6EA5 /* RejectRequest.swift */ = {isa = PBXFileReference; lastKnownFileType = sourcecode.swift; path = RejectRequest.swift; sourceTree = "<group>"; };
		B762FCF32ED6E3E800EB6EA5 /* UpdateDriverStatus.swift */ = {isa = PBXFileReference; lastKnownFileType = sourcecode.swift; path = UpdateDriverStatus.swift; sourceTree = "<group>"; };
		CF0BD3AA2EA0CCDB00581E5B /* CustomButtonAction.swift */ = {isa = PBXFileReference; lastKnownFileType = sourcecode.swift; path = CustomButtonAction.swift; sourceTree = "<group>"; };
		CF0BD3AD2EA0D3BE00581E5B /* TrackingView.swift */ = {isa = PBXFileReference; lastKnownFileType = sourcecode.swift; path = TrackingView.swift; sourceTree = "<group>"; };
		CF1F574C2EC73EE70056AE72 /* Api.swift */ = {isa = PBXFileReference; lastKnownFileType = sourcecode.swift; path = Api.swift; sourceTree = "<group>"; };
		CF1F574D2EC73EE70056AE72 /* Router.swift */ = {isa = PBXFileReference; lastKnownFileType = sourcecode.swift; path = Router.swift; sourceTree = "<group>"; };
		CF1F574E2EC73EE70056AE72 /* Service.swift */ = {isa = PBXFileReference; lastKnownFileType = sourcecode.swift; path = Service.swift; sourceTree = "<group>"; };
		CF1F57532EC73F0F0056AE72 /* Utility.swift */ = {isa = PBXFileReference; lastKnownFileType = sourcecode.swift; path = Utility.swift; sourceTree = "<group>"; };
		CF1F57542EC73F0F0056AE72 /* InternetConnection.swift */ = {isa = PBXFileReference; lastKnownFileType = sourcecode.swift; path = InternetConnection.swift; sourceTree = "<group>"; };
		CF1F57552EC73F0F0056AE72 /* CountryPickerUI.swift */ = {isa = PBXFileReference; lastKnownFileType = sourcecode.swift; path = CountryPickerUI.swift; sourceTree = "<group>"; };
		CF1F575B2EC73F530056AE72 /* Reachability.h */ = {isa = PBXFileReference; lastKnownFileType = sourcecode.c.h; path = Reachability.h; sourceTree = "<group>"; };
		CF1F575C2EC73F530056AE72 /* Reachability.m */ = {isa = PBXFileReference; lastKnownFileType = sourcecode.c.objc; path = Reachability.m; sourceTree = "<group>"; };
		CF1F575E2EC73F540056AE72 /* GlisexabDriver-Bridging-Header.h */ = {isa = PBXFileReference; lastKnownFileType = sourcecode.c.h; path = "GlisexabDriver-Bridging-Header.h"; sourceTree = "<group>"; };
		CF1F57632EC740170056AE72 /* Api_Login.swift */ = {isa = PBXFileReference; lastKnownFileType = sourcecode.swift; path = Api_Login.swift; sourceTree = "<group>"; };
		CF1F57652EC740590056AE72 /* LoginViewModel.swift */ = {isa = PBXFileReference; lastKnownFileType = sourcecode.swift; path = LoginViewModel.swift; sourceTree = "<group>"; };
		CF1F57682EC7408F0056AE72 /* CustomError.swift */ = {isa = PBXFileReference; lastKnownFileType = sourcecode.swift; path = CustomError.swift; sourceTree = "<group>"; };
		CF1F57692EC7408F0056AE72 /* CustomErrorBanner.swift */ = {isa = PBXFileReference; lastKnownFileType = sourcecode.swift; path = CustomErrorBanner.swift; sourceTree = "<group>"; };
		CF1F576A2EC7408F0056AE72 /* CustomAlertView.swift */ = {isa = PBXFileReference; lastKnownFileType = sourcecode.swift; path = CustomAlertView.swift; sourceTree = "<group>"; };
		CF1F576F2EC740B50056AE72 /* AppState.swift */ = {isa = PBXFileReference; lastKnownFileType = sourcecode.swift; path = AppState.swift; sourceTree = "<group>"; };
		CF1F57722EC7427E0056AE72 /* Constant.swift */ = {isa = PBXFileReference; lastKnownFileType = sourcecode.swift; path = Constant.swift; sourceTree = "<group>"; };
		CF1F577B2EC746370056AE72 /* LocationSearchViewModel.swift */ = {isa = PBXFileReference; lastKnownFileType = sourcecode.swift; path = LocationSearchViewModel.swift; sourceTree = "<group>"; };
		CF1F57812EC747FC0056AE72 /* AddressPickerView.swift */ = {isa = PBXFileReference; lastKnownFileType = sourcecode.swift; path = AddressPickerView.swift; sourceTree = "<group>"; };
		CF1F57832EC747FE0056AE72 /* AddressPickerViewModel.swift */ = {isa = PBXFileReference; lastKnownFileType = sourcecode.swift; path = AddressPickerViewModel.swift; sourceTree = "<group>"; };
		CF1F57852EC748000056AE72 /* LocationData.swift */ = {isa = PBXFileReference; lastKnownFileType = sourcecode.swift; path = LocationData.swift; sourceTree = "<group>"; };
		CF3760C82EC752BA00C749BD /* ImagePicker.swift */ = {isa = PBXFileReference; lastKnownFileType = sourcecode.swift; path = ImagePicker.swift; sourceTree = "<group>"; };
		CF546BD72EAFA1F70059D03E /* MyAccountView.swift */ = {isa = PBXFileReference; lastKnownFileType = sourcecode.swift; path = MyAccountView.swift; sourceTree = "<group>"; };
		CF5B147C2EAF6EB3000C40C2 /* SideMenuRowOption.swift */ = {isa = PBXFileReference; lastKnownFileType = sourcecode.swift; path = SideMenuRowOption.swift; sourceTree = "<group>"; };
		CF6D6A742E9F9D2700B3656C /* DriverDocView.swift */ = {isa = PBXFileReference; lastKnownFileType = sourcecode.swift; path = DriverDocView.swift; sourceTree = "<group>"; };
		CF6D6A772E9FA1F300B3656C /* HomeView.swift */ = {isa = PBXFileReference; lastKnownFileType = sourcecode.swift; path = HomeView.swift; sourceTree = "<group>"; };
		CF804F5D2EA20CA000F16E58 /* ScheduleBookingView.swift */ = {isa = PBXFileReference; lastKnownFileType = sourcecode.swift; path = ScheduleBookingView.swift; sourceTree = "<group>"; };
		CF804F682EA225D200F16E58 /* EditProfileView.swift */ = {isa = PBXFileReference; lastKnownFileType = sourcecode.swift; path = EditProfileView.swift; sourceTree = "<group>"; };
		CF89F93E2EA118E0002FF10B /* PopUp.swift */ = {isa = PBXFileReference; lastKnownFileType = sourcecode.swift; path = PopUp.swift; sourceTree = "<group>"; };
		CF89F9412EA1287D002FF10B /* RideDetailView.swift */ = {isa = PBXFileReference; lastKnownFileType = sourcecode.swift; path = RideDetailView.swift; sourceTree = "<group>"; };
		CF8DE8782EA25CAB00F75D73 /* SideMenu.swift */ = {isa = PBXFileReference; lastKnownFileType = sourcecode.swift; path = SideMenu.swift; sourceTree = "<group>"; };
		CF8DE87A2EA25E6100F75D73 /* SideMenuHeader.swift */ = {isa = PBXFileReference; lastKnownFileType = sourcecode.swift; path = SideMenuHeader.swift; sourceTree = "<group>"; };
		CF8DE87C2EA2646E00F75D73 /* SideMenuRow.swift */ = {isa = PBXFileReference; lastKnownFileType = sourcecode.swift; path = SideMenuRow.swift; sourceTree = "<group>"; };
		CFA379B72ECD8EC900893DAB /* SignupViewModel.swift */ = {isa = PBXFileReference; lastKnownFileType = sourcecode.swift; path = SignupViewModel.swift; sourceTree = "<group>"; };
		CFA379BA2ECD8EEE00893DAB /* VehicleList.swift */ = {isa = PBXFileReference; lastKnownFileType = sourcecode.swift; path = VehicleList.swift; sourceTree = "<group>"; };
		CFA379BC2ECD8F9900893DAB /* VehcileDetailSignupView.swift */ = {isa = PBXFileReference; lastKnownFileType = sourcecode.swift; path = VehcileDetailSignupView.swift; sourceTree = "<group>"; };
		CFBAAAB92E9F740D001D8398 /* GlisexabDriver.app */ = {isa = PBXFileReference; explicitFileType = wrapper.application; includeInIndex = 0; path = GlisexabDriver.app; sourceTree = BUILT_PRODUCTS_DIR; };
		CFBAAAC72E9F7418001D8398 /* Assets.xcassets */ = {isa = PBXFileReference; lastKnownFileType = folder.assetcatalog; path = Assets.xcassets; sourceTree = "<group>"; };
		CFBAAAC92E9F7418001D8398 /* GlisexabDriverApp.swift */ = {isa = PBXFileReference; lastKnownFileType = sourcecode.swift; path = GlisexabDriverApp.swift; sourceTree = "<group>"; };
		CFBAAAD32E9F75CA001D8398 /* Info.plist */ = {isa = PBXFileReference; lastKnownFileType = text.plist; path = Info.plist; sourceTree = "<group>"; };
		CFBAAAD42E9F760A001D8398 /* OnboardingView.swift */ = {isa = PBXFileReference; lastKnownFileType = sourcecode.swift; path = OnboardingView.swift; sourceTree = "<group>"; };
		CFBAAAD62E9F7737001D8398 /* UiExtension.swift */ = {isa = PBXFileReference; lastKnownFileType = sourcecode.swift; path = UiExtension.swift; sourceTree = "<group>"; };
		CFBAAAD82E9F7737001D8398 /* LocationManager.swift */ = {isa = PBXFileReference; lastKnownFileType = sourcecode.swift; path = LocationManager.swift; sourceTree = "<group>"; };
		CFBAAAD92E9F7737001D8398 /* BackButton.swift */ = {isa = PBXFileReference; lastKnownFileType = sourcecode.swift; path = BackButton.swift; sourceTree = "<group>"; };
		CFBAAADA2E9F7737001D8398 /* CustomLogo.swift */ = {isa = PBXFileReference; lastKnownFileType = sourcecode.swift; path = CustomLogo.swift; sourceTree = "<group>"; };
		CFBAAAE02E9F774A001D8398 /* NavigationRouter.swift */ = {isa = PBXFileReference; lastKnownFileType = sourcecode.swift; path = NavigationRouter.swift; sourceTree = "<group>"; };
		CFBAAAE12E9F774A001D8398 /* AppNavigationView.swift */ = {isa = PBXFileReference; lastKnownFileType = sourcecode.swift; path = AppNavigationView.swift; sourceTree = "<group>"; };
		CFBAAAE22E9F774A001D8398 /* RootView.swift */ = {isa = PBXFileReference; lastKnownFileType = sourcecode.swift; path = RootView.swift; sourceTree = "<group>"; };
		CFBAAAE72E9F77B6001D8398 /* Inter-Black.otf */ = {isa = PBXFileReference; lastKnownFileType = file; path = "Inter-Black.otf"; sourceTree = "<group>"; };
		CFBAAAE82E9F77B6001D8398 /* Inter-BlackItalic.otf */ = {isa = PBXFileReference; lastKnownFileType = file; path = "Inter-BlackItalic.otf"; sourceTree = "<group>"; };
		CFBAAAE92E9F77B6001D8398 /* Inter-Bold.otf */ = {isa = PBXFileReference; lastKnownFileType = file; path = "Inter-Bold.otf"; sourceTree = "<group>"; };
		CFBAAAEA2E9F77B6001D8398 /* Inter-BoldItalic.otf */ = {isa = PBXFileReference; lastKnownFileType = file; path = "Inter-BoldItalic.otf"; sourceTree = "<group>"; };
		CFBAAAEB2E9F77B6001D8398 /* Inter-ExtraBold.otf */ = {isa = PBXFileReference; lastKnownFileType = file; path = "Inter-ExtraBold.otf"; sourceTree = "<group>"; };
		CFBAAAEC2E9F77B6001D8398 /* Inter-ExtraBoldItalic.otf */ = {isa = PBXFileReference; lastKnownFileType = file; path = "Inter-ExtraBoldItalic.otf"; sourceTree = "<group>"; };
		CFBAAAED2E9F77B6001D8398 /* Inter-ExtraLight-BETA.otf */ = {isa = PBXFileReference; lastKnownFileType = file; path = "Inter-ExtraLight-BETA.otf"; sourceTree = "<group>"; };
		CFBAAAEE2E9F77B6001D8398 /* Inter-ExtraLightItalic-BETA.otf */ = {isa = PBXFileReference; lastKnownFileType = file; path = "Inter-ExtraLightItalic-BETA.otf"; sourceTree = "<group>"; };
		CFBAAAEF2E9F77B6001D8398 /* Inter-Italic.otf */ = {isa = PBXFileReference; lastKnownFileType = file; path = "Inter-Italic.otf"; sourceTree = "<group>"; };
		CFBAAAF02E9F77B6001D8398 /* Inter-Light-BETA.otf */ = {isa = PBXFileReference; lastKnownFileType = file; path = "Inter-Light-BETA.otf"; sourceTree = "<group>"; };
		CFBAAAF12E9F77B6001D8398 /* Inter-LightItalic-BETA.otf */ = {isa = PBXFileReference; lastKnownFileType = file; path = "Inter-LightItalic-BETA.otf"; sourceTree = "<group>"; };
		CFBAAAF22E9F77B6001D8398 /* Inter-Medium.otf */ = {isa = PBXFileReference; lastKnownFileType = file; path = "Inter-Medium.otf"; sourceTree = "<group>"; };
		CFBAAAF32E9F77B6001D8398 /* Inter-MediumItalic.otf */ = {isa = PBXFileReference; lastKnownFileType = file; path = "Inter-MediumItalic.otf"; sourceTree = "<group>"; };
		CFBAAAF42E9F77B6001D8398 /* Inter-Regular.otf */ = {isa = PBXFileReference; lastKnownFileType = file; path = "Inter-Regular.otf"; sourceTree = "<group>"; };
		CFBAAAF52E9F77B6001D8398 /* Inter-SemiBold.otf */ = {isa = PBXFileReference; lastKnownFileType = file; path = "Inter-SemiBold.otf"; sourceTree = "<group>"; };
		CFBAAAF62E9F77B6001D8398 /* Inter-SemiBoldItalic.otf */ = {isa = PBXFileReference; lastKnownFileType = file; path = "Inter-SemiBoldItalic.otf"; sourceTree = "<group>"; };
		CFBAAAF72E9F77B6001D8398 /* Inter-Thin-BETA.otf */ = {isa = PBXFileReference; lastKnownFileType = file; path = "Inter-Thin-BETA.otf"; sourceTree = "<group>"; };
		CFBAAAF82E9F77B6001D8398 /* Inter-ThinItalic-BETA.otf */ = {isa = PBXFileReference; lastKnownFileType = file; path = "Inter-ThinItalic-BETA.otf"; sourceTree = "<group>"; };
		CFBAAB0C2E9F791E001D8398 /* LoginView.swift */ = {isa = PBXFileReference; lastKnownFileType = sourcecode.swift; path = LoginView.swift; sourceTree = "<group>"; };
		CFBAAB0E2E9F7E61001D8398 /* SignupView.swift */ = {isa = PBXFileReference; lastKnownFileType = sourcecode.swift; path = SignupView.swift; sourceTree = "<group>"; };
		CFBE2DC82ECDB94E0053672B /* PendingRequest.swift */ = {isa = PBXFileReference; lastKnownFileType = sourcecode.swift; path = PendingRequest.swift; sourceTree = "<group>"; };
		CFBE2DCA2ECDB9D90053672B /* HomeViewModel.swift */ = {isa = PBXFileReference; lastKnownFileType = sourcecode.swift; path = HomeViewModel.swift; sourceTree = "<group>"; };
		CFD7AD462EB09C1B00FDB2D9 /* ReviewView.swift */ = {isa = PBXFileReference; lastKnownFileType = sourcecode.swift; path = ReviewView.swift; sourceTree = "<group>"; };
		CFD7AD4C2EB0A76200FDB2D9 /* WalletView.swift */ = {isa = PBXFileReference; lastKnownFileType = sourcecode.swift; path = WalletView.swift; sourceTree = "<group>"; };
/* End PBXFileReference section */

/* Begin PBXFrameworksBuildPhase section */
		CFBAAAB62E9F740D001D8398 /* Frameworks */ = {
			isa = PBXFrameworksBuildPhase;
			buildActionMask = 2147483647;
			files = (
				CF1F574A2EC73E180056AE72 /* SDWebImageSwiftUI in Frameworks */,
				CF1F57412EC73D4B0056AE72 /* Alamofire in Frameworks */,
				CF1F57472EC73DEF0056AE72 /* CountryPicker in Frameworks */,
				CF1F57442EC73DC50056AE72 /* IQKeyboardManagerSwift in Frameworks */,
			);
			runOnlyForDeploymentPostprocessing = 0;
		};
/* End PBXFrameworksBuildPhase section */

/* Begin PBXGroup section */
		CF0BD3A72EA0CC9700581E5B /* User Interface */ = {
			isa = PBXGroup;
			children = (
				CFBAAAD92E9F7737001D8398 /* BackButton.swift */,
				CFBAAADA2E9F7737001D8398 /* CustomLogo.swift */,
				CFBAAAD62E9F7737001D8398 /* UiExtension.swift */,
				CF0BD3AA2EA0CCDB00581E5B /* CustomButtonAction.swift */,
			);
			path = "User Interface";
			sourceTree = "<group>";
		};
		CF0BD3A92EA0CCBA00581E5B /* Location Handling */ = {
			isa = PBXGroup;
			children = (
				CFBAAAD82E9F7737001D8398 /* LocationManager.swift */,
			);
			path = "Location Handling";
			sourceTree = "<group>";
		};
		CF0BD3AC2EA0D3A100581E5B /* Home */ = {
			isa = PBXGroup;
			children = (
				CFBE2DC72ECDB93A0053672B /* Model */,
				CFBE2DC62ECDB92B0053672B /* View */,
				CFBE2DC52ECDB9270053672B /* View Model */,
			);
			path = Home;
			sourceTree = "<group>";
		};
		CF1F574B2EC73EDF0056AE72 /* Http */ = {
			isa = PBXGroup;
			children = (
				CF1F574C2EC73EE70056AE72 /* Api.swift */,
				CF1F574D2EC73EE70056AE72 /* Router.swift */,
				CF1F574E2EC73EE70056AE72 /* Service.swift */,
			);
			path = Http;
			sourceTree = "<group>";
		};
		CF1F57522EC73F020056AE72 /* Utilities */ = {
			isa = PBXGroup;
			children = (
				CF1F57532EC73F0F0056AE72 /* Utility.swift */,
				CF1F57542EC73F0F0056AE72 /* InternetConnection.swift */,
				CF1F57552EC73F0F0056AE72 /* CountryPickerUI.swift */,
			);
			path = Utilities;
			sourceTree = "<group>";
		};
		CF1F575A2EC73F450056AE72 /* Objc */ = {
			isa = PBXGroup;
			children = (
				CF1F575B2EC73F530056AE72 /* Reachability.h */,
				CF1F575C2EC73F530056AE72 /* Reachability.m */,
				CF1F575E2EC73F540056AE72 /* GlisexabDriver-Bridging-Header.h */,
			);
			path = Objc;
			sourceTree = "<group>";
		};
		CF1F575F2EC73FE40056AE72 /* Login */ = {
			isa = PBXGroup;
			children = (
				CF1F57622EC73FFD0056AE72 /* Model */,
				CF1F57602EC73FEF0056AE72 /* View */,
				CF1F57612EC73FF50056AE72 /* View Model */,
			);
			path = Login;
			sourceTree = "<group>";
		};
		CF1F57602EC73FEF0056AE72 /* View */ = {
			isa = PBXGroup;
			children = (
				CFBAAB0C2E9F791E001D8398 /* LoginView.swift */,
			);
			path = View;
			sourceTree = "<group>";
		};
		CF1F57612EC73FF50056AE72 /* View Model */ = {
			isa = PBXGroup;
			children = (
				CF1F57652EC740590056AE72 /* LoginViewModel.swift */,
			);
			path = "View Model";
			sourceTree = "<group>";
		};
		CF1F57622EC73FFD0056AE72 /* Model */ = {
			isa = PBXGroup;
			children = (
				CF1F57632EC740170056AE72 /* Api_Login.swift */,
			);
			path = Model;
			sourceTree = "<group>";
		};
		CF1F57672EC740850056AE72 /* Custom Alert */ = {
			isa = PBXGroup;
			children = (
				CF1F57682EC7408F0056AE72 /* CustomError.swift */,
				CF1F57692EC7408F0056AE72 /* CustomErrorBanner.swift */,
				CF1F576A2EC7408F0056AE72 /* CustomAlertView.swift */,
			);
			path = "Custom Alert";
			sourceTree = "<group>";
		};
		CF1F576E2EC740AB0056AE72 /* App Storage */ = {
			isa = PBXGroup;
			children = (
				CF1F576F2EC740B50056AE72 /* AppState.swift */,
			);
			path = "App Storage";
			sourceTree = "<group>";
		};
		CF1F57712EC7426F0056AE72 /* Extension */ = {
			isa = PBXGroup;
			children = (
				CF1F57722EC7427E0056AE72 /* Constant.swift */,
				CF3760C82EC752BA00C749BD /* ImagePicker.swift */,
			);
			path = Extension;
			sourceTree = "<group>";
		};
		CF1F57742EC744340056AE72 /* Signup */ = {
			isa = PBXGroup;
			children = (
				CFA379B92ECD8EE200893DAB /* Model */,
				CF1F57762EC744910056AE72 /* View Model */,
				CF1F57752EC7443F0056AE72 /* View */,
			);
			path = Signup;
			sourceTree = "<group>";
		};
		CF1F57752EC7443F0056AE72 /* View */ = {
			isa = PBXGroup;
			children = (
				CFBAAB0E2E9F7E61001D8398 /* SignupView.swift */,
				CFA379BC2ECD8F9900893DAB /* VehcileDetailSignupView.swift */,
				CF6D6A742E9F9D2700B3656C /* DriverDocView.swift */,
			);
			path = View;
			sourceTree = "<group>";
		};
		CF1F57762EC744910056AE72 /* View Model */ = {
			isa = PBXGroup;
			children = (
				CFA379B72ECD8EC900893DAB /* SignupViewModel.swift */,
			);
			path = "View Model";
			sourceTree = "<group>";
		};
		CF1F577A2EC7462A0056AE72 /* Location Manager */ = {
			isa = PBXGroup;
			children = (
				CF1F577B2EC746370056AE72 /* LocationSearchViewModel.swift */,
			);
			path = "Location Manager";
			sourceTree = "<group>";
		};
		CF1F577D2EC747D70056AE72 /* Address Picker */ = {
			isa = PBXGroup;
			children = (
				CF1F57802EC747F50056AE72 /* Model */,
				CF1F577F2EC747EE0056AE72 /* View Model */,
				CF1F577E2EC747E80056AE72 /* View */,
			);
			path = "Address Picker";
			sourceTree = "<group>";
		};
		CF1F577E2EC747E80056AE72 /* View */ = {
			isa = PBXGroup;
			children = (
				CF1F57812EC747FC0056AE72 /* AddressPickerView.swift */,
			);
			path = View;
			sourceTree = "<group>";
		};
		CF1F577F2EC747EE0056AE72 /* View Model */ = {
			isa = PBXGroup;
			children = (
				CF1F57832EC747FE0056AE72 /* AddressPickerViewModel.swift */,
			);
			path = "View Model";
			sourceTree = "<group>";
		};
		CF1F57802EC747F50056AE72 /* Model */ = {
			isa = PBXGroup;
			children = (
				CF1F57852EC748000056AE72 /* LocationData.swift */,
			);
			path = Model;
			sourceTree = "<group>";
		};
		CF546BD92EAFA26B0059D03E /* Account Detail */ = {
			isa = PBXGroup;
			children = (
				CF546BD72EAFA1F70059D03E /* MyAccountView.swift */,
			);
			path = "Account Detail";
			sourceTree = "<group>";
		};
		CF6D6A762E9FA1D800B3656C /* Main */ = {
			isa = PBXGroup;
			children = (
				CF804F662EA225A700F16E58 /* Home Tab */,
				CF804F672EA225AF00F16E58 /* Setting Tab */,
			);
			path = Main;
			sourceTree = "<group>";
		};
		CF804F5C2EA20C5700F16E58 /* Ride Details */ = {
			isa = PBXGroup;
			children = (
				CF89F9412EA1287D002FF10B /* RideDetailView.swift */,
			);
			path = "Ride Details";
			sourceTree = "<group>";
		};
		CF804F652EA223F400F16E58 /* Schedule Booking */ = {
			isa = PBXGroup;
			children = (
				CF804F5D2EA20CA000F16E58 /* ScheduleBookingView.swift */,
			);
			path = "Schedule Booking";
			sourceTree = "<group>";
		};
		CF804F662EA225A700F16E58 /* Home Tab */ = {
			isa = PBXGroup;
			children = (
				CF0BD3AC2EA0D3A100581E5B /* Home */,
				CF89F93D2EA11638002FF10B /* Track Ride */,
				CF89F9402EA12862002FF10B /* Pop up */,
				CF804F5C2EA20C5700F16E58 /* Ride Details */,
				CF804F652EA223F400F16E58 /* Schedule Booking */,
			);
			path = "Home Tab";
			sourceTree = "<group>";
		};
		CF804F672EA225AF00F16E58 /* Setting Tab */ = {
			isa = PBXGroup;
			children = (
				CF8DE8682EA23D1E00F75D73 /* Side Menu */,
				CF804F6A2EA225DB00F16E58 /* Edit Profile */,
				CF546BD92EAFA26B0059D03E /* Account Detail */,
				CFD7AD482EB09C2E00FDB2D9 /* Review */,
				CFD7AD4D2EB0A76200FDB2D9 /* Wallet */,
			);
			path = "Setting Tab";
			sourceTree = "<group>";
		};
		CF804F6A2EA225DB00F16E58 /* Edit Profile */ = {
			isa = PBXGroup;
			children = (
				CF804F682EA225D200F16E58 /* EditProfileView.swift */,
			);
			path = "Edit Profile";
			sourceTree = "<group>";
		};
		CF89F93D2EA11638002FF10B /* Track Ride */ = {
			isa = PBXGroup;
			children = (
				CF0BD3AD2EA0D3BE00581E5B /* TrackingView.swift */,
			);
			path = "Track Ride";
			sourceTree = "<group>";
		};
		CF89F9402EA12862002FF10B /* Pop up */ = {
			isa = PBXGroup;
			children = (
				CF89F93E2EA118E0002FF10B /* PopUp.swift */,
			);
			path = "Pop up";
			sourceTree = "<group>";
		};
		CF8DE8682EA23D1E00F75D73 /* Side Menu */ = {
			isa = PBXGroup;
			children = (
				CF8DE8782EA25CAB00F75D73 /* SideMenu.swift */,
				CF8DE87A2EA25E6100F75D73 /* SideMenuHeader.swift */,
				CF8DE87C2EA2646E00F75D73 /* SideMenuRow.swift */,
				CF5B147C2EAF6EB3000C40C2 /* SideMenuRowOption.swift */,
			);
			path = "Side Menu";
			sourceTree = "<group>";
		};
		CFA379B92ECD8EE200893DAB /* Model */ = {
			isa = PBXGroup;
			children = (
				CFA379BA2ECD8EEE00893DAB /* VehicleList.swift */,
			);
			path = Model;
			sourceTree = "<group>";
		};
		CFBAAAB02E9F740D001D8398 = {
			isa = PBXGroup;
			children = (
				CFBAAACA2E9F7418001D8398 /* GlisexabDriver */,
				CFBAAABA2E9F740D001D8398 /* Products */,
			);
			sourceTree = "<group>";
		};
		CFBAAABA2E9F740D001D8398 /* Products */ = {
			isa = PBXGroup;
			children = (
				CFBAAAB92E9F740D001D8398 /* GlisexabDriver.app */,
			);
			name = Products;
			sourceTree = "<group>";
		};
		CFBAAACA2E9F7418001D8398 /* GlisexabDriver */ = {
			isa = PBXGroup;
			children = (
				CFBAAAD32E9F75CA001D8398 /* Info.plist */,
				CFBAAAC92E9F7418001D8398 /* GlisexabDriverApp.swift */,
				CFBAAAD22E9F754E001D8398 /* Font */,
				CFBAAAD02E9F7494001D8398 /* Component */,
				CFBAAACF2E9F7489001D8398 /* Resources */,
				CFBAAACE2E9F7472001D8398 /* View */,
			);
			path = GlisexabDriver;
			sourceTree = "<group>";
		};
		CFBAAACE2E9F7472001D8398 /* View */ = {
			isa = PBXGroup;
			children = (
				CFBAAB0B2E9F7844001D8398 /* Primary */,
				CF6D6A762E9FA1D800B3656C /* Main */,
			);
			path = View;
			sourceTree = "<group>";
		};
		CFBAAACF2E9F7489001D8398 /* Resources */ = {
			isa = PBXGroup;
			children = (
				CFBAAAC72E9F7418001D8398 /* Assets.xcassets */,
			);
			path = Resources;
			sourceTree = "<group>";
		};
		CFBAAAD02E9F7494001D8398 /* Component */ = {
			isa = PBXGroup;
			children = (
				CF1F574B2EC73EDF0056AE72 /* Http */,
				CF1F576E2EC740AB0056AE72 /* App Storage */,
				CF1F57672EC740850056AE72 /* Custom Alert */,
				CF1F575A2EC73F450056AE72 /* Objc */,
				CF1F57522EC73F020056AE72 /* Utilities */,
				CF1F57712EC7426F0056AE72 /* Extension */,
				CF1F577A2EC7462A0056AE72 /* Location Manager */,
				CF0BD3A92EA0CCBA00581E5B /* Location Handling */,
				CF0BD3A72EA0CC9700581E5B /* User Interface */,
				CFBAAAE62E9F774E001D8398 /* Navigatioon */,
			);
			path = Component;
			sourceTree = "<group>";
		};
		CFBAAAD22E9F754E001D8398 /* Font */ = {
			isa = PBXGroup;
			children = (
				CFBAAAE72E9F77B6001D8398 /* Inter-Black.otf */,
				CFBAAAE82E9F77B6001D8398 /* Inter-BlackItalic.otf */,
				CFBAAAE92E9F77B6001D8398 /* Inter-Bold.otf */,
				CFBAAAEA2E9F77B6001D8398 /* Inter-BoldItalic.otf */,
				CFBAAAEB2E9F77B6001D8398 /* Inter-ExtraBold.otf */,
				CFBAAAEC2E9F77B6001D8398 /* Inter-ExtraBoldItalic.otf */,
				CFBAAAED2E9F77B6001D8398 /* Inter-ExtraLight-BETA.otf */,
				CFBAAAEE2E9F77B6001D8398 /* Inter-ExtraLightItalic-BETA.otf */,
				CFBAAAEF2E9F77B6001D8398 /* Inter-Italic.otf */,
				CFBAAAF02E9F77B6001D8398 /* Inter-Light-BETA.otf */,
				CFBAAAF12E9F77B6001D8398 /* Inter-LightItalic-BETA.otf */,
				CFBAAAF22E9F77B6001D8398 /* Inter-Medium.otf */,
				CFBAAAF32E9F77B6001D8398 /* Inter-MediumItalic.otf */,
				CFBAAAF42E9F77B6001D8398 /* Inter-Regular.otf */,
				CFBAAAF52E9F77B6001D8398 /* Inter-SemiBold.otf */,
				CFBAAAF62E9F77B6001D8398 /* Inter-SemiBoldItalic.otf */,
				CFBAAAF72E9F77B6001D8398 /* Inter-Thin-BETA.otf */,
				CFBAAAF82E9F77B6001D8398 /* Inter-ThinItalic-BETA.otf */,
			);
			path = Font;
			sourceTree = "<group>";
		};
		CFBAAAE62E9F774E001D8398 /* Navigatioon */ = {
			isa = PBXGroup;
			children = (
				CFBAAAE02E9F774A001D8398 /* NavigationRouter.swift */,
				CFBAAAE12E9F774A001D8398 /* AppNavigationView.swift */,
				CFBAAAE22E9F774A001D8398 /* RootView.swift */,
			);
			path = Navigatioon;
			sourceTree = "<group>";
		};
		CFBAAB0B2E9F7844001D8398 /* Primary */ = {
			isa = PBXGroup;
			children = (
				CFBAAAD42E9F760A001D8398 /* OnboardingView.swift */,
				CF1F575F2EC73FE40056AE72 /* Login */,
				CF1F57742EC744340056AE72 /* Signup */,
				CF1F577D2EC747D70056AE72 /* Address Picker */,
			);
			path = Primary;
			sourceTree = "<group>";
		};
		CFBE2DC52ECDB9270053672B /* View Model */ = {
			isa = PBXGroup;
			children = (
				CFBE2DCA2ECDB9D90053672B /* HomeViewModel.swift */,
			);
			path = "View Model";
			sourceTree = "<group>";
		};
		CFBE2DC62ECDB92B0053672B /* View */ = {
			isa = PBXGroup;
			children = (
				CF6D6A772E9FA1F300B3656C /* HomeView.swift */,
			);
			path = View;
			sourceTree = "<group>";
		};
		CFBE2DC72ECDB93A0053672B /* Model */ = {
			isa = PBXGroup;
			children = (
				CFBE2DC82ECDB94E0053672B /* PendingRequest.swift */,
				B762FCEF2ED6D7E300EB6EA5 /* ChangeRequest.swift */,
				B762FCF12ED6DCA800EB6EA5 /* RejectRequest.swift */,
				B762FCF32ED6E3E800EB6EA5 /* UpdateDriverStatus.swift */,
			);
			path = Model;
			sourceTree = "<group>";
		};
		CFD7AD482EB09C2E00FDB2D9 /* Review */ = {
			isa = PBXGroup;
			children = (
				CFD7AD462EB09C1B00FDB2D9 /* ReviewView.swift */,
			);
			path = Review;
			sourceTree = "<group>";
		};
		CFD7AD4D2EB0A76200FDB2D9 /* Wallet */ = {
			isa = PBXGroup;
			children = (
				CFD7AD4C2EB0A76200FDB2D9 /* WalletView.swift */,
			);
			path = Wallet;
			sourceTree = "<group>";
		};
/* End PBXGroup section */

/* Begin PBXNativeTarget section */
		CFBAAAB82E9F740D001D8398 /* GlisexabDriver */ = {
			isa = PBXNativeTarget;
			buildConfigurationList = CFBAAAC42E9F740F001D8398 /* Build configuration list for PBXNativeTarget "GlisexabDriver" */;
			buildPhases = (
				CFBAAAB52E9F740D001D8398 /* Sources */,
				CFBAAAB62E9F740D001D8398 /* Frameworks */,
				CFBAAAB72E9F740D001D8398 /* Resources */,
			);
			buildRules = (
			);
			dependencies = (
			);
			name = GlisexabDriver;
			packageProductDependencies = (
				CF1F57402EC73D4B0056AE72 /* Alamofire */,
				CF1F57432EC73DC50056AE72 /* IQKeyboardManagerSwift */,
				CF1F57462EC73DEF0056AE72 /* CountryPicker */,
				CF1F57492EC73E180056AE72 /* SDWebImageSwiftUI */,
			);
			productName = GlisexabDriver;
			productReference = CFBAAAB92E9F740D001D8398 /* GlisexabDriver.app */;
			productType = "com.apple.product-type.application";
		};
/* End PBXNativeTarget section */

/* Begin PBXProject section */
		CFBAAAB12E9F740D001D8398 /* Project object */ = {
			isa = PBXProject;
			attributes = {
				BuildIndependentTargetsInParallel = 1;
				LastSwiftUpdateCheck = 2600;
				LastUpgradeCheck = 2600;
				TargetAttributes = {
					CFBAAAB82E9F740D001D8398 = {
						CreatedOnToolsVersion = 26.0.1;
						LastSwiftMigration = 2600;
					};
				};
			};
			buildConfigurationList = CFBAAAB42E9F740D001D8398 /* Build configuration list for PBXProject "GlisexabDriver" */;
			developmentRegion = en;
			hasScannedForEncodings = 0;
			knownRegions = (
				en,
				Base,
			);
			mainGroup = CFBAAAB02E9F740D001D8398;
			minimizedProjectReferenceProxies = 1;
			packageReferences = (
				CF1F573F2EC73D4B0056AE72 /* XCRemoteSwiftPackageReference "Alamofire" */,
				CF1F57422EC73DC50056AE72 /* XCRemoteSwiftPackageReference "IQKeyboardManager" */,
				CF1F57452EC73DEF0056AE72 /* XCRemoteSwiftPackageReference "CountryPicker" */,
				CF1F57482EC73E180056AE72 /* XCRemoteSwiftPackageReference "SDWebImageSwiftUI" */,
			);
			preferredProjectObjectVersion = 77;
			productRefGroup = CFBAAABA2E9F740D001D8398 /* Products */;
			projectDirPath = "";
			projectRoot = "";
			targets = (
				CFBAAAB82E9F740D001D8398 /* GlisexabDriver */,
			);
		};
/* End PBXProject section */

/* Begin PBXResourcesBuildPhase section */
		CFBAAAB72E9F740D001D8398 /* Resources */ = {
			isa = PBXResourcesBuildPhase;
			buildActionMask = 2147483647;
			files = (
				CFBAAACB2E9F7418001D8398 /* Assets.xcassets in Resources */,
				CFBAAAF92E9F77B6001D8398 /* Inter-ExtraLight-BETA.otf in Resources */,
				CFBAAAFA2E9F77B6001D8398 /* Inter-MediumItalic.otf in Resources */,
				CFBAAAFB2E9F77B6001D8398 /* Inter-ExtraLightItalic-BETA.otf in Resources */,
				CFBAAAFC2E9F77B6001D8398 /* Inter-Italic.otf in Resources */,
				CFBAAAFD2E9F77B6001D8398 /* Inter-SemiBoldItalic.otf in Resources */,
				CFBAAAFE2E9F77B6001D8398 /* Inter-Medium.otf in Resources */,
				CFBAAAFF2E9F77B6001D8398 /* Inter-Thin-BETA.otf in Resources */,
				CFBAAB002E9F77B6001D8398 /* Inter-ThinItalic-BETA.otf in Resources */,
				CFBAAB012E9F77B6001D8398 /* Inter-BoldItalic.otf in Resources */,
				CFBAAB022E9F77B6001D8398 /* Inter-Light-BETA.otf in Resources */,
				CFBAAB032E9F77B6001D8398 /* Inter-SemiBold.otf in Resources */,
				CFBAAB042E9F77B6001D8398 /* Inter-Bold.otf in Resources */,
				CFBAAB052E9F77B6001D8398 /* Inter-LightItalic-BETA.otf in Resources */,
				CFBAAB062E9F77B6001D8398 /* Inter-Regular.otf in Resources */,
				CFBAAB072E9F77B6001D8398 /* Inter-Black.otf in Resources */,
				CFBAAB082E9F77B6001D8398 /* Inter-BlackItalic.otf in Resources */,
				CFBAAB092E9F77B6001D8398 /* Inter-ExtraBold.otf in Resources */,
				CFBAAB0A2E9F77B6001D8398 /* Inter-ExtraBoldItalic.otf in Resources */,
			);
			runOnlyForDeploymentPostprocessing = 0;
		};
/* End PBXResourcesBuildPhase section */

/* Begin PBXSourcesBuildPhase section */
		CFBAAAB52E9F740D001D8398 /* Sources */ = {
			isa = PBXSourcesBuildPhase;
			buildActionMask = 2147483647;
			files = (
				CF1F576B2EC7408F0056AE72 /* CustomAlertView.swift in Sources */,
				CF3760C92EC752BA00C749BD /* ImagePicker.swift in Sources */,
				CF1F576C2EC7408F0056AE72 /* CustomError.swift in Sources */,
				CFBE2DCB2ECDB9D90053672B /* HomeViewModel.swift in Sources */,
				CF1F576D2EC7408F0056AE72 /* CustomErrorBanner.swift in Sources */,
				CFBAAB0F2E9F7E61001D8398 /* SignupView.swift in Sources */,
				CF1F57862EC748000056AE72 /* LocationData.swift in Sources */,
				CFBAAAE32E9F774A001D8398 /* NavigationRouter.swift in Sources */,
				CFBAAAE42E9F774A001D8398 /* RootView.swift in Sources */,
				CF8DE8792EA25CAB00F75D73 /* SideMenu.swift in Sources */,
				CFBAAAE52E9F774A001D8398 /* AppNavigationView.swift in Sources */,
				CF0BD3AB2EA0CCDB00581E5B /* CustomButtonAction.swift in Sources */,
				B762FCF42ED6E3E800EB6EA5 /* UpdateDriverStatus.swift in Sources */,
				CF8DE87B2EA25E6100F75D73 /* SideMenuHeader.swift in Sources */,
				CF1F57562EC73F0F0056AE72 /* InternetConnection.swift in Sources */,
				CF1F57702EC740B50056AE72 /* AppState.swift in Sources */,
				CF1F57662EC740590056AE72 /* LoginViewModel.swift in Sources */,
				CF1F57572EC73F0F0056AE72 /* CountryPickerUI.swift in Sources */,
				CF1F57582EC73F0F0056AE72 /* Utility.swift in Sources */,
				CFBAAADB2E9F7737001D8398 /* BackButton.swift in Sources */,
				CF804F5E2EA20CA000F16E58 /* ScheduleBookingView.swift in Sources */,
				CFBAAADD2E9F7737001D8398 /* UiExtension.swift in Sources */,
				CF6D6A782E9FA1F300B3656C /* HomeView.swift in Sources */,
				CF1F574F2EC73EE70056AE72 /* Service.swift in Sources */,
				CF1F57642EC740170056AE72 /* Api_Login.swift in Sources */,
				B762FCF22ED6DCA800EB6EA5 /* RejectRequest.swift in Sources */,
				CF1F57502EC73EE70056AE72 /* Api.swift in Sources */,
				CFA379BB2ECD8EEE00893DAB /* VehicleList.swift in Sources */,
				CF1F57842EC747FE0056AE72 /* AddressPickerViewModel.swift in Sources */,
				CF1F575D2EC73F530056AE72 /* Reachability.m in Sources */,
				CFA379B82ECD8EC900893DAB /* SignupViewModel.swift in Sources */,
				CFA379BD2ECD8F9900893DAB /* VehcileDetailSignupView.swift in Sources */,
				CF1F57512EC73EE70056AE72 /* Router.swift in Sources */,
				CF6D6A752E9F9D2800B3656C /* DriverDocView.swift in Sources */,
				CF546BD82EAFA1F70059D03E /* MyAccountView.swift in Sources */,
				CF804F692EA225D200F16E58 /* EditProfileView.swift in Sources */,
				CF5B147D2EAF6EB3000C40C2 /* SideMenuRowOption.swift in Sources */,
				CFBE2DC92ECDB94E0053672B /* PendingRequest.swift in Sources */,
				CFBAAADE2E9F7737001D8398 /* CustomLogo.swift in Sources */,
				CF1F577C2EC746370056AE72 /* LocationSearchViewModel.swift in Sources */,
				CFBAAADF2E9F7737001D8398 /* LocationManager.swift in Sources */,
				CF0BD3AE2EA0D3BE00581E5B /* TrackingView.swift in Sources */,
				CF1F57732EC7427E0056AE72 /* Constant.swift in Sources */,
				CF89F93F2EA118E0002FF10B /* PopUp.swift in Sources */,
				CFD7AD4E2EB0A76200FDB2D9 /* WalletView.swift in Sources */,
				CFBAAB0D2E9F791E001D8398 /* LoginView.swift in Sources */,
				CFD7AD472EB09C1B00FDB2D9 /* ReviewView.swift in Sources */,
				B762FCF02ED6D7E300EB6EA5 /* ChangeRequest.swift in Sources */,
				CF8DE87D2EA2646E00F75D73 /* SideMenuRow.swift in Sources */,
				CFBAAACD2E9F7418001D8398 /* GlisexabDriverApp.swift in Sources */,
				CF1F57822EC747FC0056AE72 /* AddressPickerView.swift in Sources */,
				CFBAAAD52E9F760A001D8398 /* OnboardingView.swift in Sources */,
				CF89F9422EA1287D002FF10B /* RideDetailView.swift in Sources */,
			);
			runOnlyForDeploymentPostprocessing = 0;
		};
/* End PBXSourcesBuildPhase section */

/* Begin XCBuildConfiguration section */
		CFBAAAC22E9F740F001D8398 /* Debug */ = {
			isa = XCBuildConfiguration;
			buildSettings = {
				ALWAYS_SEARCH_USER_PATHS = NO;
				ASSETCATALOG_COMPILER_GENERATE_SWIFT_ASSET_SYMBOL_EXTENSIONS = YES;
				CLANG_ANALYZER_NONNULL = YES;
				CLANG_ANALYZER_NUMBER_OBJECT_CONVERSION = YES_AGGRESSIVE;
				CLANG_CXX_LANGUAGE_STANDARD = "gnu++20";
				CLANG_ENABLE_MODULES = YES;
				CLANG_ENABLE_OBJC_ARC = YES;
				CLANG_ENABLE_OBJC_WEAK = YES;
				CLANG_WARN_BLOCK_CAPTURE_AUTORELEASING = YES;
				CLANG_WARN_BOOL_CONVERSION = YES;
				CLANG_WARN_COMMA = YES;
				CLANG_WARN_CONSTANT_CONVERSION = YES;
				CLANG_WARN_DEPRECATED_OBJC_IMPLEMENTATIONS = YES;
				CLANG_WARN_DIRECT_OBJC_ISA_USAGE = YES_ERROR;
				CLANG_WARN_DOCUMENTATION_COMMENTS = YES;
				CLANG_WARN_EMPTY_BODY = YES;
				CLANG_WARN_ENUM_CONVERSION = YES;
				CLANG_WARN_INFINITE_RECURSION = YES;
				CLANG_WARN_INT_CONVERSION = YES;
				CLANG_WARN_NON_LITERAL_NULL_CONVERSION = YES;
				CLANG_WARN_OBJC_IMPLICIT_RETAIN_SELF = YES;
				CLANG_WARN_OBJC_LITERAL_CONVERSION = YES;
				CLANG_WARN_OBJC_ROOT_CLASS = YES_ERROR;
				CLANG_WARN_QUOTED_INCLUDE_IN_FRAMEWORK_HEADER = YES;
				CLANG_WARN_RANGE_LOOP_ANALYSIS = YES;
				CLANG_WARN_STRICT_PROTOTYPES = YES;
				CLANG_WARN_SUSPICIOUS_MOVE = YES;
				CLANG_WARN_UNGUARDED_AVAILABILITY = YES_AGGRESSIVE;
				CLANG_WARN_UNREACHABLE_CODE = YES;
				CLANG_WARN__DUPLICATE_METHOD_MATCH = YES;
				COPY_PHASE_STRIP = NO;
				DEBUG_INFORMATION_FORMAT = dwarf;
				ENABLE_STRICT_OBJC_MSGSEND = YES;
				ENABLE_TESTABILITY = YES;
				ENABLE_USER_SCRIPT_SANDBOXING = YES;
				GCC_C_LANGUAGE_STANDARD = gnu17;
				GCC_DYNAMIC_NO_PIC = NO;
				GCC_NO_COMMON_BLOCKS = YES;
				GCC_OPTIMIZATION_LEVEL = 0;
				GCC_PREPROCESSOR_DEFINITIONS = (
					"DEBUG=1",
					"$(inherited)",
				);
				GCC_WARN_64_TO_32_BIT_CONVERSION = YES;
				GCC_WARN_ABOUT_RETURN_TYPE = YES_ERROR;
				GCC_WARN_UNDECLARED_SELECTOR = YES;
				GCC_WARN_UNINITIALIZED_AUTOS = YES_AGGRESSIVE;
				GCC_WARN_UNUSED_FUNCTION = YES;
				GCC_WARN_UNUSED_VARIABLE = YES;
				IPHONEOS_DEPLOYMENT_TARGET = 26.0;
				LOCALIZATION_PREFERS_STRING_CATALOGS = YES;
				MTL_ENABLE_DEBUG_INFO = INCLUDE_SOURCE;
				MTL_FAST_MATH = YES;
				ONLY_ACTIVE_ARCH = YES;
				SDKROOT = iphoneos;
				SWIFT_ACTIVE_COMPILATION_CONDITIONS = "DEBUG $(inherited)";
				SWIFT_OPTIMIZATION_LEVEL = "-Onone";
			};
			name = Debug;
		};
		CFBAAAC32E9F740F001D8398 /* Release */ = {
			isa = XCBuildConfiguration;
			buildSettings = {
				ALWAYS_SEARCH_USER_PATHS = NO;
				ASSETCATALOG_COMPILER_GENERATE_SWIFT_ASSET_SYMBOL_EXTENSIONS = YES;
				CLANG_ANALYZER_NONNULL = YES;
				CLANG_ANALYZER_NUMBER_OBJECT_CONVERSION = YES_AGGRESSIVE;
				CLANG_CXX_LANGUAGE_STANDARD = "gnu++20";
				CLANG_ENABLE_MODULES = YES;
				CLANG_ENABLE_OBJC_ARC = YES;
				CLANG_ENABLE_OBJC_WEAK = YES;
				CLANG_WARN_BLOCK_CAPTURE_AUTORELEASING = YES;
				CLANG_WARN_BOOL_CONVERSION = YES;
				CLANG_WARN_COMMA = YES;
				CLANG_WARN_CONSTANT_CONVERSION = YES;
				CLANG_WARN_DEPRECATED_OBJC_IMPLEMENTATIONS = YES;
				CLANG_WARN_DIRECT_OBJC_ISA_USAGE = YES_ERROR;
				CLANG_WARN_DOCUMENTATION_COMMENTS = YES;
				CLANG_WARN_EMPTY_BODY = YES;
				CLANG_WARN_ENUM_CONVERSION = YES;
				CLANG_WARN_INFINITE_RECURSION = YES;
				CLANG_WARN_INT_CONVERSION = YES;
				CLANG_WARN_NON_LITERAL_NULL_CONVERSION = YES;
				CLANG_WARN_OBJC_IMPLICIT_RETAIN_SELF = YES;
				CLANG_WARN_OBJC_LITERAL_CONVERSION = YES;
				CLANG_WARN_OBJC_ROOT_CLASS = YES_ERROR;
				CLANG_WARN_QUOTED_INCLUDE_IN_FRAMEWORK_HEADER = YES;
				CLANG_WARN_RANGE_LOOP_ANALYSIS = YES;
				CLANG_WARN_STRICT_PROTOTYPES = YES;
				CLANG_WARN_SUSPICIOUS_MOVE = YES;
				CLANG_WARN_UNGUARDED_AVAILABILITY = YES_AGGRESSIVE;
				CLANG_WARN_UNREACHABLE_CODE = YES;
				CLANG_WARN__DUPLICATE_METHOD_MATCH = YES;
				COPY_PHASE_STRIP = NO;
				DEBUG_INFORMATION_FORMAT = "dwarf-with-dsym";
				ENABLE_NS_ASSERTIONS = NO;
				ENABLE_STRICT_OBJC_MSGSEND = YES;
				ENABLE_USER_SCRIPT_SANDBOXING = YES;
				GCC_C_LANGUAGE_STANDARD = gnu17;
				GCC_NO_COMMON_BLOCKS = YES;
				GCC_WARN_64_TO_32_BIT_CONVERSION = YES;
				GCC_WARN_ABOUT_RETURN_TYPE = YES_ERROR;
				GCC_WARN_UNDECLARED_SELECTOR = YES;
				GCC_WARN_UNINITIALIZED_AUTOS = YES_AGGRESSIVE;
				GCC_WARN_UNUSED_FUNCTION = YES;
				GCC_WARN_UNUSED_VARIABLE = YES;
				IPHONEOS_DEPLOYMENT_TARGET = 26.0;
				LOCALIZATION_PREFERS_STRING_CATALOGS = YES;
				MTL_ENABLE_DEBUG_INFO = NO;
				MTL_FAST_MATH = YES;
				SDKROOT = iphoneos;
				SWIFT_COMPILATION_MODE = wholemodule;
				VALIDATE_PRODUCT = YES;
			};
			name = Release;
		};
		CFBAAAC52E9F740F001D8398 /* Debug */ = {
			isa = XCBuildConfiguration;
			buildSettings = {
				ASSETCATALOG_COMPILER_APPICON_NAME = AppIcon;
				ASSETCATALOG_COMPILER_GLOBAL_ACCENT_COLOR_NAME = AccentColor;
				CLANG_ENABLE_MODULES = YES;
				CODE_SIGN_IDENTITY = "Apple Development";
				CODE_SIGN_STYLE = Automatic;
				CURRENT_PROJECT_VERSION = 1;
				DEVELOPMENT_TEAM = 5P7MCR7S32;
				ENABLE_PREVIEWS = YES;
				GENERATE_INFOPLIST_FILE = YES;
				INFOPLIST_FILE = GlisexabDriver/Info.plist;
				INFOPLIST_KEY_UIApplicationSceneManifest_Generation = YES;
				INFOPLIST_KEY_UIApplicationSupportsIndirectInputEvents = YES;
				INFOPLIST_KEY_UISupportedInterfaceOrientations_iPad = "UIInterfaceOrientationPortrait UIInterfaceOrientationPortraitUpsideDown UIInterfaceOrientationLandscapeLeft UIInterfaceOrientationLandscapeRight";
				INFOPLIST_KEY_UISupportedInterfaceOrientations_iPhone = "UIInterfaceOrientationPortrait UIInterfaceOrientationLandscapeLeft UIInterfaceOrientationLandscapeRight";
				IPHONEOS_DEPLOYMENT_TARGET = 15.6;
				LD_RUNPATH_SEARCH_PATHS = (
					"$(inherited)",
					"@executable_path/Frameworks",
				);
				MARKETING_VERSION = 1.0;
				PRODUCT_BUNDLE_IDENTIFIER = com.Main.GlisexabDriver;
				PRODUCT_NAME = "$(TARGET_NAME)";
				PROVISIONING_PROFILE_SPECIFIER = "";
				STRING_CATALOG_GENERATE_SYMBOLS = YES;
				SWIFT_APPROACHABLE_CONCURRENCY = YES;
				SWIFT_DEFAULT_ACTOR_ISOLATION = MainActor;
				SWIFT_EMIT_LOC_STRINGS = YES;
				SWIFT_OBJC_BRIDGING_HEADER = "GlisexabDriver/Component/Objc/GlisexabDriver-Bridging-Header.h";
				SWIFT_OPTIMIZATION_LEVEL = "-Onone";
				SWIFT_UPCOMING_FEATURE_MEMBER_IMPORT_VISIBILITY = YES;
				SWIFT_VERSION = 5.0;
				TARGETED_DEVICE_FAMILY = "1,2";
			};
			name = Debug;
		};
		CFBAAAC62E9F740F001D8398 /* Release */ = {
			isa = XCBuildConfiguration;
			buildSettings = {
				ASSETCATALOG_COMPILER_APPICON_NAME = AppIcon;
				ASSETCATALOG_COMPILER_GLOBAL_ACCENT_COLOR_NAME = AccentColor;
				CLANG_ENABLE_MODULES = YES;
				CODE_SIGN_IDENTITY = "Apple Development";
				CODE_SIGN_STYLE = Automatic;
				CURRENT_PROJECT_VERSION = 1;
				DEVELOPMENT_TEAM = 5P7MCR7S32;
				ENABLE_PREVIEWS = YES;
				GENERATE_INFOPLIST_FILE = YES;
				INFOPLIST_FILE = GlisexabDriver/Info.plist;
				INFOPLIST_KEY_UIApplicationSceneManifest_Generation = YES;
				INFOPLIST_KEY_UIApplicationSupportsIndirectInputEvents = YES;
				INFOPLIST_KEY_UISupportedInterfaceOrientations_iPad = "UIInterfaceOrientationPortrait UIInterfaceOrientationPortraitUpsideDown UIInterfaceOrientationLandscapeLeft UIInterfaceOrientationLandscapeRight";
				INFOPLIST_KEY_UISupportedInterfaceOrientations_iPhone = "UIInterfaceOrientationPortrait UIInterfaceOrientationLandscapeLeft UIInterfaceOrientationLandscapeRight";
				IPHONEOS_DEPLOYMENT_TARGET = 15.6;
				LD_RUNPATH_SEARCH_PATHS = (
					"$(inherited)",
					"@executable_path/Frameworks",
				);
				MARKETING_VERSION = 1.0;
				PRODUCT_BUNDLE_IDENTIFIER = com.Main.GlisexabDriver;
				PRODUCT_NAME = "$(TARGET_NAME)";
				PROVISIONING_PROFILE_SPECIFIER = "";
				STRING_CATALOG_GENERATE_SYMBOLS = YES;
				SWIFT_APPROACHABLE_CONCURRENCY = YES;
				SWIFT_DEFAULT_ACTOR_ISOLATION = MainActor;
				SWIFT_EMIT_LOC_STRINGS = YES;
				SWIFT_OBJC_BRIDGING_HEADER = "GlisexabDriver/Component/Objc/GlisexabDriver-Bridging-Header.h";
				SWIFT_UPCOMING_FEATURE_MEMBER_IMPORT_VISIBILITY = YES;
				SWIFT_VERSION = 5.0;
				TARGETED_DEVICE_FAMILY = "1,2";
			};
			name = Release;
		};
/* End XCBuildConfiguration section */

/* Begin XCConfigurationList section */
		CFBAAAB42E9F740D001D8398 /* Build configuration list for PBXProject "GlisexabDriver" */ = {
			isa = XCConfigurationList;
			buildConfigurations = (
				CFBAAAC22E9F740F001D8398 /* Debug */,
				CFBAAAC32E9F740F001D8398 /* Release */,
			);
			defaultConfigurationIsVisible = 0;
			defaultConfigurationName = Release;
		};
		CFBAAAC42E9F740F001D8398 /* Build configuration list for PBXNativeTarget "GlisexabDriver" */ = {
			isa = XCConfigurationList;
			buildConfigurations = (
				CFBAAAC52E9F740F001D8398 /* Debug */,
				CFBAAAC62E9F740F001D8398 /* Release */,
			);
			defaultConfigurationIsVisible = 0;
			defaultConfigurationName = Release;
		};
/* End XCConfigurationList section */

/* Begin XCRemoteSwiftPackageReference section */
		CF1F573F2EC73D4B0056AE72 /* XCRemoteSwiftPackageReference "Alamofire" */ = {
			isa = XCRemoteSwiftPackageReference;
			repositoryURL = "https://github.com/Alamofire/Alamofire.git";
			requirement = {
				kind = upToNextMajorVersion;
				minimumVersion = 5.10.2;
			};
		};
		CF1F57422EC73DC50056AE72 /* XCRemoteSwiftPackageReference "IQKeyboardManager" */ = {
			isa = XCRemoteSwiftPackageReference;
			repositoryURL = "https://github.com/hackiftekhar/IQKeyboardManager.git";
			requirement = {
				kind = upToNextMajorVersion;
				minimumVersion = 8.0.1;
			};
		};
		CF1F57452EC73DEF0056AE72 /* XCRemoteSwiftPackageReference "CountryPicker" */ = {
			isa = XCRemoteSwiftPackageReference;
			repositoryURL = "https://github.com/mobven/CountryPicker/";
			requirement = {
				kind = upToNextMajorVersion;
				minimumVersion = 2.0.3;
			};
		};
		CF1F57482EC73E180056AE72 /* XCRemoteSwiftPackageReference "SDWebImageSwiftUI" */ = {
			isa = XCRemoteSwiftPackageReference;
			repositoryURL = "https://github.com/SDWebImage/SDWebImageSwiftUI.git";
			requirement = {
				kind = upToNextMajorVersion;
				minimumVersion = 3.1.4;
			};
		};
/* End XCRemoteSwiftPackageReference section */

/* Begin XCSwiftPackageProductDependency section */
		CF1F57402EC73D4B0056AE72 /* Alamofire */ = {
			isa = XCSwiftPackageProductDependency;
			package = CF1F573F2EC73D4B0056AE72 /* XCRemoteSwiftPackageReference "Alamofire" */;
			productName = Alamofire;
		};
		CF1F57432EC73DC50056AE72 /* IQKeyboardManagerSwift */ = {
			isa = XCSwiftPackageProductDependency;
			package = CF1F57422EC73DC50056AE72 /* XCRemoteSwiftPackageReference "IQKeyboardManager" */;
			productName = IQKeyboardManagerSwift;
		};
		CF1F57462EC73DEF0056AE72 /* CountryPicker */ = {
			isa = XCSwiftPackageProductDependency;
			package = CF1F57452EC73DEF0056AE72 /* XCRemoteSwiftPackageReference "CountryPicker" */;
			productName = CountryPicker;
		};
		CF1F57492EC73E180056AE72 /* SDWebImageSwiftUI */ = {
			isa = XCSwiftPackageProductDependency;
			package = CF1F57482EC73E180056AE72 /* XCRemoteSwiftPackageReference "SDWebImageSwiftUI" */;
			productName = SDWebImageSwiftUI;
		};
/* End XCSwiftPackageProductDependency section */
	};
	rootObject = CFBAAAB12E9F740D001D8398 /* Project object */;
}
